
Microsoft Visual Studio Solution File, Format Version 12.00
# Visual Studio 14
VisualStudioVersion = 14.0.25420.1
MinimumVisualStudioVersion = 10.0.40219.1
Project("{2150E333-8FDC-42A3-9474-1A3956D46DE8}") = "src", "src", "{CA11027F-9B71-4F81-BD3F-C654726FE125}"
EndProject
Project("{2150E333-8FDC-42A3-9474-1A3956D46DE8}") = "Solution Items", "Solution Items", "{E9348178-C468-4BEA-A7FD-AD70DC016C03}"
	ProjectSection(SolutionItems) = preProject
		global.json = global.json
	EndProjectSection
EndProject
Project("{8BB2217D-0F2D-49D1-97BC-3654ED321F3B}") = "BlogViewComponent", "src\BlogViewComponent\BlogViewComponent.xproj", "{DA938F86-DB82-4E3D-A747-5B8387EED8E2}"
EndProject
Global
	GlobalSection(SolutionConfigurationPlatforms) = preSolution
		Debug|Any CPU = Debug|Any CPU
		Release|Any CPU = Release|Any CPU
	EndGlobalSection
	GlobalSection(ProjectConfigurationPlatforms) = postSolution
		{DA938F86-DB82-4E3D-A747-5B8387EED8E2}.Debug|Any CPU.ActiveCfg = Debug|Any CPU
		{DA938F86-DB82-4E3D-A747-5B8387EED8E2}.Debug|Any CPU.Build.0 = Debug|Any CPU
		{DA938F86-DB82-4E3D-A747-5B8387EED8E2}.Release|Any CPU.ActiveCfg = Release|Any CPU
		{DA938F86-DB82-4E3D-A747-5B8387EED8E2}.Release|Any CPU.Build.0 = Release|Any CPU
	EndGlobalSection
	GlobalSection(SolutionProperties) = preSolution
		HideSolutionNode = FALSE
	EndGlobalSection
	GlobalSection(NestedProjects) = preSolution
		{DA938F86-DB82-4E3D-A747-5B8387EED8E2} = {CA11027F-9B71-4F81-BD3F-C654726FE125}
	EndGlobalSection
EndGlobal
